// !$*UTF8*$!
{
	archiveVersion = 1;
	classes = {
	};
	objectVersion = 56;
	objects = {

/* Begin PBXBuildFile section */
		FE2F6E0B2BE4FE78003F6C9D /* NetflixMovieDetailsView.swift in Sources */ = {isa = PBXBuildFile; fileRef = FE2F6E0A2BE4FE78003F6C9D /* NetflixMovieDetailsView.swift */; };
		FE2F6E0D2BE4FF2D003F6C9D /* NetflixDetailsHeaderView.swift in Sources */ = {isa = PBXBuildFile; fileRef = FE2F6E0C2BE4FF2D003F6C9D /* NetflixDetailsHeaderView.swift */; };
		FE2F6E0F2BE50848003F6C9D /* NetflixDetailsProductView.swift in Sources */ = {isa = PBXBuildFile; fileRef = FE2F6E0E2BE50848003F6C9D /* NetflixDetailsProductView.swift */; };
		FE2F6E112BE6531C003F6C9D /* MyListButton.swift in Sources */ = {isa = PBXBuildFile; fileRef = FE2F6E102BE6531C003F6C9D /* MyListButton.swift */; };
		FE2F6E132BE658B3003F6C9D /* RateButton.swift in Sources */ = {isa = PBXBuildFile; fileRef = FE2F6E122BE658B3003F6C9D /* RateButton.swift */; };
		FE4735072BD65B6500F5D697 /* SwiftfulUI in Frameworks */ = {isa = PBXBuildFile; productRef = FE4735062BD65B6500F5D697 /* SwiftfulUI */; };
		FE47350A2BD65B6F00F5D697 /* SwiftfulRouting in Frameworks */ = {isa = PBXBuildFile; productRef = FE4735092BD65B6F00F5D697 /* SwiftfulRouting */; };
		FE47350D2BD65B7B00F5D697 /* SDWebImageSwiftUI in Frameworks */ = {isa = PBXBuildFile; productRef = FE47350C2BD65B7B00F5D697 /* SDWebImageSwiftUI */; };
		FE4735122BD691A100F5D697 /* InterestPillView.swift in Sources */ = {isa = PBXBuildFile; fileRef = FE4735112BD691A100F5D697 /* InterestPillView.swift */; };
		FE4735142BD69A4B00F5D697 /* InterestPillGridView.swift in Sources */ = {isa = PBXBuildFile; fileRef = FE4735132BD69A4B00F5D697 /* InterestPillGridView.swift */; };
		FE4735162BD96D9600F5D697 /* BumbleProfileImageCell.swift in Sources */ = {isa = PBXBuildFile; fileRef = FE4735152BD96D9600F5D697 /* BumbleProfileImageCell.swift */; };
		FE4735182BD97EF100F5D697 /* BumbleChatPreviewCell.swift in Sources */ = {isa = PBXBuildFile; fileRef = FE4735172BD97EF100F5D697 /* BumbleChatPreviewCell.swift */; };
		FE47351A2BD9923400F5D697 /* BumbleChatsView.swift in Sources */ = {isa = PBXBuildFile; fileRef = FE4735192BD9923400F5D697 /* BumbleChatsView.swift */; };
		FE5FB85C2BC419FF00BE9245 /* PopularUIs_SwiftUIApp.swift in Sources */ = {isa = PBXBuildFile; fileRef = FE5FB85B2BC419FF00BE9245 /* PopularUIs_SwiftUIApp.swift */; };
		FE5FB85E2BC419FF00BE9245 /* ContentView.swift in Sources */ = {isa = PBXBuildFile; fileRef = FE5FB85D2BC419FF00BE9245 /* ContentView.swift */; };
		FE5FB8602BC41A0000BE9245 /* Assets.xcassets in Resources */ = {isa = PBXBuildFile; fileRef = FE5FB85F2BC41A0000BE9245 /* Assets.xcassets */; };
		FE5FB8632BC41A0000BE9245 /* Preview Assets.xcassets in Resources */ = {isa = PBXBuildFile; fileRef = FE5FB8622BC41A0000BE9245 /* Preview Assets.xcassets */; };
		FE5FB86E2BC41CE500BE9245 /* ImageLoaderView.swift in Sources */ = {isa = PBXBuildFile; fileRef = FE5FB86D2BC41CE500BE9245 /* ImageLoaderView.swift */; };
		FE5FB8702BC41F2D00BE9245 /* Constants.swift in Sources */ = {isa = PBXBuildFile; fileRef = FE5FB86F2BC41F2D00BE9245 /* Constants.swift */; };
		FE5FB8722BC42B4400BE9245 /* DatabaseHelper.swift in Sources */ = {isa = PBXBuildFile; fileRef = FE5FB8712BC42B4400BE9245 /* DatabaseHelper.swift */; };
		FE5FB8742BC436A200BE9245 /* Product.swift in Sources */ = {isa = PBXBuildFile; fileRef = FE5FB8732BC436A200BE9245 /* Product.swift */; };
		FE5FB8762BC436B600BE9245 /* User.swift in Sources */ = {isa = PBXBuildFile; fileRef = FE5FB8752BC436B600BE9245 /* User.swift */; };
		FE6B215B2BDFAE4100C17C66 /* NetflixHeroCell.swift in Sources */ = {isa = PBXBuildFile; fileRef = FE6B215A2BDFAE4100C17C66 /* NetflixHeroCell.swift */; };
		FE6B215D2BDFCF7700C17C66 /* NetflixMovieCell.swift in Sources */ = {isa = PBXBuildFile; fileRef = FE6B215C2BDFCF7700C17C66 /* NetflixMovieCell.swift */; };
		FE86ADFC2BDA62C8005F4B10 /* NetflixHomeView.swift in Sources */ = {isa = PBXBuildFile; fileRef = FE86ADFB2BDA62C8005F4B10 /* NetflixHomeView.swift */; };
		FE86ADFE2BDA6828005F4B10 /* NetflixFilterCell.swift in Sources */ = {isa = PBXBuildFile; fileRef = FE86ADFD2BDA6828005F4B10 /* NetflixFilterCell.swift */; };
		FE86AE002BDA6FFD005F4B10 /* NetflixFilterBarView.swift in Sources */ = {isa = PBXBuildFile; fileRef = FE86ADFF2BDA6FFD005F4B10 /* NetflixFilterBarView.swift */; };
		FEAA8E462BCFDB26008D1C84 /* SpotifyNewReleaseView.swift in Sources */ = {isa = PBXBuildFile; fileRef = FEAA8E452BCFDB26008D1C84 /* SpotifyNewReleaseView.swift */; };
		FEAA8E482BCFEF5D008D1C84 /* ImageTitleRowCell.swift in Sources */ = {isa = PBXBuildFile; fileRef = FEAA8E472BCFEF5D008D1C84 /* ImageTitleRowCell.swift */; };
		FEAA8E4A2BD0360D008D1C84 /* SpotifyPlaylistView.swift in Sources */ = {isa = PBXBuildFile; fileRef = FEAA8E492BD0360D008D1C84 /* SpotifyPlaylistView.swift */; };
		FEAA8E4E2BD03DBE008D1C84 /* PlaylistHeaderView.swift in Sources */ = {isa = PBXBuildFile; fileRef = FEAA8E4D2BD03DBE008D1C84 /* PlaylistHeaderView.swift */; };
		FEAA8E502BD144DE008D1C84 /* PlaylistDescriptionCell.swift in Sources */ = {isa = PBXBuildFile; fileRef = FEAA8E4F2BD144DE008D1C84 /* PlaylistDescriptionCell.swift */; };
		FEAA8E522BD15EE2008D1C84 /* SongRowCell.swift in Sources */ = {isa = PBXBuildFile; fileRef = FEAA8E512BD15EE2008D1C84 /* SongRowCell.swift */; };
		FEAA8E5D2BD2BF67008D1C84 /* BumbleHomeView.swift in Sources */ = {isa = PBXBuildFile; fileRef = FEAA8E5C2BD2BF67008D1C84 /* BumbleHomeView.swift */; };
		FEAA8E5F2BD3F839008D1C84 /* BumbleFilterView.swift in Sources */ = {isa = PBXBuildFile; fileRef = FEAA8E5E2BD3F839008D1C84 /* BumbleFilterView.swift */; };
		FEAA8E612BD41AB4008D1C84 /* BumbleCardView.swift in Sources */ = {isa = PBXBuildFile; fileRef = FEAA8E602BD41AB4008D1C84 /* BumbleCardView.swift */; };
		FEAA8E632BD53CAD008D1C84 /* BumbleHeartView.swift in Sources */ = {isa = PBXBuildFile; fileRef = FEAA8E622BD53CAC008D1C84 /* BumbleHeartView.swift */; };
		FEDC0E902BCD6E64006BA0B6 /* SpotifyHomeView.swift in Sources */ = {isa = PBXBuildFile; fileRef = FEDC0E8F2BCD6E64006BA0B6 /* SpotifyHomeView.swift */; };
		FEDC0E942BCD7795006BA0B6 /* SpotifyCategoryCell.swift in Sources */ = {isa = PBXBuildFile; fileRef = FEDC0E932BCD7795006BA0B6 /* SpotifyCategoryCell.swift */; };
		FEDC0E972BCD7E3F006BA0B6 /* Category.swift in Sources */ = {isa = PBXBuildFile; fileRef = FEDC0E962BCD7E3F006BA0B6 /* Category.swift */; };
		FEF0619F2BCE8B8900DA6A73 /* SpotifyRecentsCell.swift in Sources */ = {isa = PBXBuildFile; fileRef = FEF0619E2BCE8B8900DA6A73 /* SpotifyRecentsCell.swift */; };
/* End PBXBuildFile section */

/* Begin PBXFileReference section */
		FE2F6E0A2BE4FE78003F6C9D /* NetflixMovieDetailsView.swift */ = {isa = PBXFileReference; lastKnownFileType = sourcecode.swift; path = NetflixMovieDetailsView.swift; sourceTree = "<group>"; };
		FE2F6E0C2BE4FF2D003F6C9D /* NetflixDetailsHeaderView.swift */ = {isa = PBXFileReference; lastKnownFileType = sourcecode.swift; path = NetflixDetailsHeaderView.swift; sourceTree = "<group>"; };
		FE2F6E0E2BE50848003F6C9D /* NetflixDetailsProductView.swift */ = {isa = PBXFileReference; lastKnownFileType = sourcecode.swift; path = NetflixDetailsProductView.swift; sourceTree = "<group>"; };
		FE2F6E102BE6531C003F6C9D /* MyListButton.swift */ = {isa = PBXFileReference; lastKnownFileType = sourcecode.swift; path = MyListButton.swift; sourceTree = "<group>"; };
		FE2F6E122BE658B3003F6C9D /* RateButton.swift */ = {isa = PBXFileReference; lastKnownFileType = sourcecode.swift; path = RateButton.swift; sourceTree = "<group>"; };
		FE4735112BD691A100F5D697 /* InterestPillView.swift */ = {isa = PBXFileReference; lastKnownFileType = sourcecode.swift; path = InterestPillView.swift; sourceTree = "<group>"; };
		FE4735132BD69A4B00F5D697 /* InterestPillGridView.swift */ = {isa = PBXFileReference; lastKnownFileType = sourcecode.swift; path = InterestPillGridView.swift; sourceTree = "<group>"; };
		FE4735152BD96D9600F5D697 /* BumbleProfileImageCell.swift */ = {isa = PBXFileReference; lastKnownFileType = sourcecode.swift; path = BumbleProfileImageCell.swift; sourceTree = "<group>"; };
		FE4735172BD97EF100F5D697 /* BumbleChatPreviewCell.swift */ = {isa = PBXFileReference; lastKnownFileType = sourcecode.swift; path = BumbleChatPreviewCell.swift; sourceTree = "<group>"; };
		FE4735192BD9923400F5D697 /* BumbleChatsView.swift */ = {isa = PBXFileReference; lastKnownFileType = sourcecode.swift; path = BumbleChatsView.swift; sourceTree = "<group>"; };
		FE5FB8582BC419FF00BE9245 /* PopularUIs-SwiftUI.app */ = {isa = PBXFileReference; explicitFileType = wrapper.application; includeInIndex = 0; path = "PopularUIs-SwiftUI.app"; sourceTree = BUILT_PRODUCTS_DIR; };
		FE5FB85B2BC419FF00BE9245 /* PopularUIs_SwiftUIApp.swift */ = {isa = PBXFileReference; lastKnownFileType = sourcecode.swift; path = PopularUIs_SwiftUIApp.swift; sourceTree = "<group>"; };
		FE5FB85D2BC419FF00BE9245 /* ContentView.swift */ = {isa = PBXFileReference; lastKnownFileType = sourcecode.swift; path = ContentView.swift; sourceTree = "<group>"; };
		FE5FB85F2BC41A0000BE9245 /* Assets.xcassets */ = {isa = PBXFileReference; lastKnownFileType = folder.assetcatalog; path = Assets.xcassets; sourceTree = "<group>"; };
		FE5FB8622BC41A0000BE9245 /* Preview Assets.xcassets */ = {isa = PBXFileReference; lastKnownFileType = folder.assetcatalog; path = "Preview Assets.xcassets"; sourceTree = "<group>"; };
		FE5FB86D2BC41CE500BE9245 /* ImageLoaderView.swift */ = {isa = PBXFileReference; lastKnownFileType = sourcecode.swift; path = ImageLoaderView.swift; sourceTree = "<group>"; };
		FE5FB86F2BC41F2D00BE9245 /* Constants.swift */ = {isa = PBXFileReference; lastKnownFileType = sourcecode.swift; path = Constants.swift; sourceTree = "<group>"; };
		FE5FB8712BC42B4400BE9245 /* DatabaseHelper.swift */ = {isa = PBXFileReference; lastKnownFileType = sourcecode.swift; path = DatabaseHelper.swift; sourceTree = "<group>"; };
		FE5FB8732BC436A200BE9245 /* Product.swift */ = {isa = PBXFileReference; lastKnownFileType = sourcecode.swift; path = Product.swift; sourceTree = "<group>"; };
		FE5FB8752BC436B600BE9245 /* User.swift */ = {isa = PBXFileReference; lastKnownFileType = sourcecode.swift; path = User.swift; sourceTree = "<group>"; };
		FE6B215A2BDFAE4100C17C66 /* NetflixHeroCell.swift */ = {isa = PBXFileReference; lastKnownFileType = sourcecode.swift; path = NetflixHeroCell.swift; sourceTree = "<group>"; };
		FE6B215C2BDFCF7700C17C66 /* NetflixMovieCell.swift */ = {isa = PBXFileReference; lastKnownFileType = sourcecode.swift; path = NetflixMovieCell.swift; sourceTree = "<group>"; };
		FE86ADFB2BDA62C8005F4B10 /* NetflixHomeView.swift */ = {isa = PBXFileReference; lastKnownFileType = sourcecode.swift; path = NetflixHomeView.swift; sourceTree = "<group>"; };
		FE86ADFD2BDA6828005F4B10 /* NetflixFilterCell.swift */ = {isa = PBXFileReference; lastKnownFileType = sourcecode.swift; path = NetflixFilterCell.swift; sourceTree = "<group>"; };
		FE86ADFF2BDA6FFD005F4B10 /* NetflixFilterBarView.swift */ = {isa = PBXFileReference; lastKnownFileType = sourcecode.swift; path = NetflixFilterBarView.swift; sourceTree = "<group>"; };
		FEAA8E452BCFDB26008D1C84 /* SpotifyNewReleaseView.swift */ = {isa = PBXFileReference; lastKnownFileType = sourcecode.swift; path = SpotifyNewReleaseView.swift; sourceTree = "<group>"; };
		FEAA8E472BCFEF5D008D1C84 /* ImageTitleRowCell.swift */ = {isa = PBXFileReference; lastKnownFileType = sourcecode.swift; path = ImageTitleRowCell.swift; sourceTree = "<group>"; };
		FEAA8E492BD0360D008D1C84 /* SpotifyPlaylistView.swift */ = {isa = PBXFileReference; lastKnownFileType = sourcecode.swift; path = SpotifyPlaylistView.swift; sourceTree = "<group>"; };
		FEAA8E4D2BD03DBE008D1C84 /* PlaylistHeaderView.swift */ = {isa = PBXFileReference; lastKnownFileType = sourcecode.swift; path = PlaylistHeaderView.swift; sourceTree = "<group>"; };
		FEAA8E4F2BD144DE008D1C84 /* PlaylistDescriptionCell.swift */ = {isa = PBXFileReference; lastKnownFileType = sourcecode.swift; path = PlaylistDescriptionCell.swift; sourceTree = "<group>"; };
		FEAA8E512BD15EE2008D1C84 /* SongRowCell.swift */ = {isa = PBXFileReference; lastKnownFileType = sourcecode.swift; path = SongRowCell.swift; sourceTree = "<group>"; };
		FEAA8E5C2BD2BF67008D1C84 /* BumbleHomeView.swift */ = {isa = PBXFileReference; lastKnownFileType = sourcecode.swift; path = BumbleHomeView.swift; sourceTree = "<group>"; };
		FEAA8E5E2BD3F839008D1C84 /* BumbleFilterView.swift */ = {isa = PBXFileReference; lastKnownFileType = sourcecode.swift; path = BumbleFilterView.swift; sourceTree = "<group>"; };
		FEAA8E602BD41AB4008D1C84 /* BumbleCardView.swift */ = {isa = PBXFileReference; lastKnownFileType = sourcecode.swift; path = BumbleCardView.swift; sourceTree = "<group>"; };
		FEAA8E622BD53CAC008D1C84 /* BumbleHeartView.swift */ = {isa = PBXFileReference; lastKnownFileType = sourcecode.swift; path = BumbleHeartView.swift; sourceTree = "<group>"; };
		FEDC0E8F2BCD6E64006BA0B6 /* SpotifyHomeView.swift */ = {isa = PBXFileReference; lastKnownFileType = sourcecode.swift; path = SpotifyHomeView.swift; sourceTree = "<group>"; };
		FEDC0E932BCD7795006BA0B6 /* SpotifyCategoryCell.swift */ = {isa = PBXFileReference; lastKnownFileType = sourcecode.swift; path = SpotifyCategoryCell.swift; sourceTree = "<group>"; };
		FEDC0E962BCD7E3F006BA0B6 /* Category.swift */ = {isa = PBXFileReference; lastKnownFileType = sourcecode.swift; path = Category.swift; sourceTree = "<group>"; };
		FEF0619E2BCE8B8900DA6A73 /* SpotifyRecentsCell.swift */ = {isa = PBXFileReference; lastKnownFileType = sourcecode.swift; path = SpotifyRecentsCell.swift; sourceTree = "<group>"; };
/* End PBXFileReference section */

/* Begin PBXFrameworksBuildPhase section */
		FE5FB8552BC419FF00BE9245 /* Frameworks */ = {
			isa = PBXFrameworksBuildPhase;
			buildActionMask = 2147483647;
			files = (
				FE47350D2BD65B7B00F5D697 /* SDWebImageSwiftUI in Frameworks */,
				FE4735072BD65B6500F5D697 /* SwiftfulUI in Frameworks */,
				FE47350A2BD65B6F00F5D697 /* SwiftfulRouting in Frameworks */,
			);
			runOnlyForDeploymentPostprocessing = 0;
		};
/* End PBXFrameworksBuildPhase section */

/* Begin PBXGroup section */
		FE5FB84F2BC419FF00BE9245 = {
			isa = PBXGroup;
			children = (
				FE5FB85A2BC419FF00BE9245 /* PopularUIs-SwiftUI */,
				FE5FB8592BC419FF00BE9245 /* Products */,
				FEE2AB482BD57D9400EADE9E /* Frameworks */,
			);
			sourceTree = "<group>";
		};
		FE5FB8592BC419FF00BE9245 /* Products */ = {
			isa = PBXGroup;
			children = (
				FE5FB8582BC419FF00BE9245 /* PopularUIs-SwiftUI.app */,
			);
			name = Products;
			sourceTree = "<group>";
		};
		FE5FB85A2BC419FF00BE9245 /* PopularUIs-SwiftUI */ = {
			isa = PBXGroup;
			children = (
				FE5FB85B2BC419FF00BE9245 /* PopularUIs_SwiftUIApp.swift */,
				FE5FB85D2BC419FF00BE9245 /* ContentView.swift */,
				FE5FB86C2BC41CAE00BE9245 /* Shared */,
				FE86ADF82BDA6297005F4B10 /* Netflix */,
				FEAA8E592BD2BBE4008D1C84 /* Bumble */,
				FEDC0E8C2BCD6D63006BA0B6 /* Spotify */,
				FE5FB85F2BC41A0000BE9245 /* Assets.xcassets */,
				FE5FB8612BC41A0000BE9245 /* Preview Content */,
			);
			path = "PopularUIs-SwiftUI";
			sourceTree = "<group>";
		};
		FE5FB8612BC41A0000BE9245 /* Preview Content */ = {
			isa = PBXGroup;
			children = (
				FE5FB8622BC41A0000BE9245 /* Preview Assets.xcassets */,
			);
			path = "Preview Content";
			sourceTree = "<group>";
		};
		FE5FB86C2BC41CAE00BE9245 /* Shared */ = {
			isa = PBXGroup;
			children = (
				FE5FB86D2BC41CE500BE9245 /* ImageLoaderView.swift */,
				FE5FB86F2BC41F2D00BE9245 /* Constants.swift */,
				FE5FB8712BC42B4400BE9245 /* DatabaseHelper.swift */,
				FE5FB8732BC436A200BE9245 /* Product.swift */,
				FE5FB8752BC436B600BE9245 /* User.swift */,
			);
			path = Shared;
			sourceTree = "<group>";
		};
		FE86ADF82BDA6297005F4B10 /* Netflix */ = {
			isa = PBXGroup;
			children = (
				FE86ADF92BDA62AE005F4B10 /* Components */,
				FE86ADFA2BDA62B5005F4B10 /* Screens */,
			);
			path = Netflix;
			sourceTree = "<group>";
		};
		FE86ADF92BDA62AE005F4B10 /* Components */ = {
			isa = PBXGroup;
			children = (
				FE86ADFD2BDA6828005F4B10 /* NetflixFilterCell.swift */,
				FE86ADFF2BDA6FFD005F4B10 /* NetflixFilterBarView.swift */,
				FE6B215A2BDFAE4100C17C66 /* NetflixHeroCell.swift */,
				FE6B215C2BDFCF7700C17C66 /* NetflixMovieCell.swift */,
				FE2F6E0C2BE4FF2D003F6C9D /* NetflixDetailsHeaderView.swift */,
				FE2F6E0E2BE50848003F6C9D /* NetflixDetailsProductView.swift */,
				FE2F6E102BE6531C003F6C9D /* MyListButton.swift */,
				FE2F6E122BE658B3003F6C9D /* RateButton.swift */,
			);
			path = Components;
			sourceTree = "<group>";
		};
		FE86ADFA2BDA62B5005F4B10 /* Screens */ = {
			isa = PBXGroup;
			children = (
				FE86ADFB2BDA62C8005F4B10 /* NetflixHomeView.swift */,
				FE2F6E0A2BE4FE78003F6C9D /* NetflixMovieDetailsView.swift */,
			);
			path = Screens;
			sourceTree = "<group>";
		};
		FEAA8E592BD2BBE4008D1C84 /* Bumble */ = {
			isa = PBXGroup;
			children = (
				FEAA8E5A2BD2BEC1008D1C84 /* Components */,
				FEAA8E5B2BD2BEC9008D1C84 /* Screens */,
			);
			path = Bumble;
			sourceTree = "<group>";
		};
		FEAA8E5A2BD2BEC1008D1C84 /* Components */ = {
			isa = PBXGroup;
			children = (
				FEAA8E5E2BD3F839008D1C84 /* BumbleFilterView.swift */,
				FEAA8E602BD41AB4008D1C84 /* BumbleCardView.swift */,
				FEAA8E622BD53CAC008D1C84 /* BumbleHeartView.swift */,
				FE4735112BD691A100F5D697 /* InterestPillView.swift */,
				FE4735132BD69A4B00F5D697 /* InterestPillGridView.swift */,
				FE4735152BD96D9600F5D697 /* BumbleProfileImageCell.swift */,
				FE4735172BD97EF100F5D697 /* BumbleChatPreviewCell.swift */,
			);
			path = Components;
			sourceTree = "<group>";
		};
		FEAA8E5B2BD2BEC9008D1C84 /* Screens */ = {
			isa = PBXGroup;
			children = (
				FEAA8E5C2BD2BF67008D1C84 /* BumbleHomeView.swift */,
				FE4735192BD9923400F5D697 /* BumbleChatsView.swift */,
			);
			path = Screens;
			sourceTree = "<group>";
		};
		FEDC0E8C2BCD6D63006BA0B6 /* Spotify */ = {
			isa = PBXGroup;
			children = (
				FEDC0E952BCD7E18006BA0B6 /* Models */,
				FEDC0E8E2BCD6E3C006BA0B6 /* Components */,
				FEDC0E8D2BCD6E31006BA0B6 /* Screens */,
			);
			path = Spotify;
			sourceTree = "<group>";
		};
		FEDC0E8D2BCD6E31006BA0B6 /* Screens */ = {
			isa = PBXGroup;
			children = (
				FEDC0E8F2BCD6E64006BA0B6 /* SpotifyHomeView.swift */,
				FEAA8E492BD0360D008D1C84 /* SpotifyPlaylistView.swift */,
			);
			path = Screens;
			sourceTree = "<group>";
		};
		FEDC0E8E2BCD6E3C006BA0B6 /* Components */ = {
			isa = PBXGroup;
			children = (
				FEDC0E932BCD7795006BA0B6 /* SpotifyCategoryCell.swift */,
				FEF0619E2BCE8B8900DA6A73 /* SpotifyRecentsCell.swift */,
				FEAA8E452BCFDB26008D1C84 /* SpotifyNewReleaseView.swift */,
				FEAA8E472BCFEF5D008D1C84 /* ImageTitleRowCell.swift */,
				FEAA8E4D2BD03DBE008D1C84 /* PlaylistHeaderView.swift */,
				FEAA8E4F2BD144DE008D1C84 /* PlaylistDescriptionCell.swift */,
				FEAA8E512BD15EE2008D1C84 /* SongRowCell.swift */,
			);
			path = Components;
			sourceTree = "<group>";
		};
		FEDC0E952BCD7E18006BA0B6 /* Models */ = {
			isa = PBXGroup;
			children = (
				FEDC0E962BCD7E3F006BA0B6 /* Category.swift */,
			);
			path = Models;
			sourceTree = "<group>";
		};
		FEE2AB482BD57D9400EADE9E /* Frameworks */ = {
			isa = PBXGroup;
			children = (
			);
			name = Frameworks;
			sourceTree = "<group>";
		};
/* End PBXGroup section */

/* Begin PBXNativeTarget section */
		FE5FB8572BC419FF00BE9245 /* PopularUIs-SwiftUI */ = {
			isa = PBXNativeTarget;
			buildConfigurationList = FE5FB8662BC41A0000BE9245 /* Build configuration list for PBXNativeTarget "PopularUIs-SwiftUI" */;
			buildPhases = (
				FE5FB8542BC419FF00BE9245 /* Sources */,
				FE5FB8552BC419FF00BE9245 /* Frameworks */,
				FE5FB8562BC419FF00BE9245 /* Resources */,
			);
			buildRules = (
			);
			dependencies = (
			);
			name = "PopularUIs-SwiftUI";
			packageProductDependencies = (
				FE4735062BD65B6500F5D697 /* SwiftfulUI */,
				FE4735092BD65B6F00F5D697 /* SwiftfulRouting */,
				FE47350C2BD65B7B00F5D697 /* SDWebImageSwiftUI */,
			);
			productName = "PopularUIs-SwiftUI";
			productReference = FE5FB8582BC419FF00BE9245 /* PopularUIs-SwiftUI.app */;
			productType = "com.apple.product-type.application";
		};
/* End PBXNativeTarget section */

/* Begin PBXProject section */
		FE5FB8502BC419FF00BE9245 /* Project object */ = {
			isa = PBXProject;
			attributes = {
				BuildIndependentTargetsInParallel = 1;
				LastSwiftUpdateCheck = 1530;
				LastUpgradeCheck = 1530;
				TargetAttributes = {
					FE5FB8572BC419FF00BE9245 = {
						CreatedOnToolsVersion = 15.3;
					};
				};
			};
			buildConfigurationList = FE5FB8532BC419FF00BE9245 /* Build configuration list for PBXProject "PopularUIs-SwiftUI" */;
			compatibilityVersion = "Xcode 14.0";
			developmentRegion = en;
			hasScannedForEncodings = 0;
			knownRegions = (
				en,
				Base,
			);
			mainGroup = FE5FB84F2BC419FF00BE9245;
			packageReferences = (
				FE4735052BD65B6500F5D697 /* XCRemoteSwiftPackageReference "SwiftfulUI" */,
				FE4735082BD65B6F00F5D697 /* XCRemoteSwiftPackageReference "SwiftfulRouting" */,
				FE47350B2BD65B7B00F5D697 /* XCRemoteSwiftPackageReference "SDWebImageSwiftUI" */,
			);
			productRefGroup = FE5FB8592BC419FF00BE9245 /* Products */;
			projectDirPath = "";
			projectRoot = "";
			targets = (
				FE5FB8572BC419FF00BE9245 /* PopularUIs-SwiftUI */,
			);
		};
/* End PBXProject section */

/* Begin PBXResourcesBuildPhase section */
		FE5FB8562BC419FF00BE9245 /* Resources */ = {
			isa = PBXResourcesBuildPhase;
			buildActionMask = 2147483647;
			files = (
				FE5FB8632BC41A0000BE9245 /* Preview Assets.xcassets in Resources */,
				FE5FB8602BC41A0000BE9245 /* Assets.xcassets in Resources */,
			);
			runOnlyForDeploymentPostprocessing = 0;
		};
/* End PBXResourcesBuildPhase section */

/* Begin PBXSourcesBuildPhase section */
		FE5FB8542BC419FF00BE9245 /* Sources */ = {
			isa = PBXSourcesBuildPhase;
			buildActionMask = 2147483647;
			files = (
				FE5FB86E2BC41CE500BE9245 /* ImageLoaderView.swift in Sources */,
				FEDC0E972BCD7E3F006BA0B6 /* Category.swift in Sources */,
				FEAA8E462BCFDB26008D1C84 /* SpotifyNewReleaseView.swift in Sources */,
				FE4735122BD691A100F5D697 /* InterestPillView.swift in Sources */,
				FEAA8E612BD41AB4008D1C84 /* BumbleCardView.swift in Sources */,
				FEDC0E942BCD7795006BA0B6 /* SpotifyCategoryCell.swift in Sources */,
				FEAA8E5D2BD2BF67008D1C84 /* BumbleHomeView.swift in Sources */,
				FE5FB8722BC42B4400BE9245 /* DatabaseHelper.swift in Sources */,
				FE2F6E112BE6531C003F6C9D /* MyListButton.swift in Sources */,
				FEDC0E902BCD6E64006BA0B6 /* SpotifyHomeView.swift in Sources */,
				FEAA8E482BCFEF5D008D1C84 /* ImageTitleRowCell.swift in Sources */,
				FE4735142BD69A4B00F5D697 /* InterestPillGridView.swift in Sources */,
				FEAA8E4A2BD0360D008D1C84 /* SpotifyPlaylistView.swift in Sources */,
				FEAA8E4E2BD03DBE008D1C84 /* PlaylistHeaderView.swift in Sources */,
				FE86AE002BDA6FFD005F4B10 /* NetflixFilterBarView.swift in Sources */,
				FE5FB85E2BC419FF00BE9245 /* ContentView.swift in Sources */,
				FE5FB85C2BC419FF00BE9245 /* PopularUIs_SwiftUIApp.swift in Sources */,
				FE2F6E0D2BE4FF2D003F6C9D /* NetflixDetailsHeaderView.swift in Sources */,
				FE4735182BD97EF100F5D697 /* BumbleChatPreviewCell.swift in Sources */,
				FE5FB8702BC41F2D00BE9245 /* Constants.swift in Sources */,
				FEF0619F2BCE8B8900DA6A73 /* SpotifyRecentsCell.swift in Sources */,
				FE2F6E0B2BE4FE78003F6C9D /* NetflixMovieDetailsView.swift in Sources */,
				FE6B215D2BDFCF7700C17C66 /* NetflixMovieCell.swift in Sources */,
				FE2F6E132BE658B3003F6C9D /* RateButton.swift in Sources */,
				FE5FB8742BC436A200BE9245 /* Product.swift in Sources */,
				FE6B215B2BDFAE4100C17C66 /* NetflixHeroCell.swift in Sources */,
				FE4735162BD96D9600F5D697 /* BumbleProfileImageCell.swift in Sources */,
				FE86ADFC2BDA62C8005F4B10 /* NetflixHomeView.swift in Sources */,
				FE2F6E0F2BE50848003F6C9D /* NetflixDetailsProductView.swift in Sources */,
				FEAA8E5F2BD3F839008D1C84 /* BumbleFilterView.swift in Sources */,
				FE86ADFE2BDA6828005F4B10 /* NetflixFilterCell.swift in Sources */,
				FE47351A2BD9923400F5D697 /* BumbleChatsView.swift in Sources */,
				FEAA8E522BD15EE2008D1C84 /* SongRowCell.swift in Sources */,
				FEAA8E632BD53CAD008D1C84 /* BumbleHeartView.swift in Sources */,
				FEAA8E502BD144DE008D1C84 /* PlaylistDescriptionCell.swift in Sources */,
				FE5FB8762BC436B600BE9245 /* User.swift in Sources */,
			);
			runOnlyForDeploymentPostprocessing = 0;
		};
/* End PBXSourcesBuildPhase section */

/* Begin XCBuildConfiguration section */
		FE5FB8642BC41A0000BE9245 /* Debug */ = {
			isa = XCBuildConfiguration;
			buildSettings = {
				ALWAYS_SEARCH_USER_PATHS = NO;
				ASSETCATALOG_COMPILER_GENERATE_SWIFT_ASSET_SYMBOL_EXTENSIONS = YES;
				CLANG_ANALYZER_NONNULL = YES;
				CLANG_ANALYZER_NUMBER_OBJECT_CONVERSION = YES_AGGRESSIVE;
				CLANG_CXX_LANGUAGE_STANDARD = "gnu++20";
				CLANG_ENABLE_MODULES = YES;
				CLANG_ENABLE_OBJC_ARC = YES;
				CLANG_ENABLE_OBJC_WEAK = YES;
				CLANG_WARN_BLOCK_CAPTURE_AUTORELEASING = YES;
				CLANG_WARN_BOOL_CONVERSION = YES;
				CLANG_WARN_COMMA = YES;
				CLANG_WARN_CONSTANT_CONVERSION = YES;
				CLANG_WARN_DEPRECATED_OBJC_IMPLEMENTATIONS = YES;
				CLANG_WARN_DIRECT_OBJC_ISA_USAGE = YES_ERROR;
				CLANG_WARN_DOCUMENTATION_COMMENTS = YES;
				CLANG_WARN_EMPTY_BODY = YES;
				CLANG_WARN_ENUM_CONVERSION = YES;
				CLANG_WARN_INFINITE_RECURSION = YES;
				CLANG_WARN_INT_CONVERSION = YES;
				CLANG_WARN_NON_LITERAL_NULL_CONVERSION = YES;
				CLANG_WARN_OBJC_IMPLICIT_RETAIN_SELF = YES;
				CLANG_WARN_OBJC_LITERAL_CONVERSION = YES;
				CLANG_WARN_OBJC_ROOT_CLASS = YES_ERROR;
				CLANG_WARN_QUOTED_INCLUDE_IN_FRAMEWORK_HEADER = YES;
				CLANG_WARN_RANGE_LOOP_ANALYSIS = YES;
				CLANG_WARN_STRICT_PROTOTYPES = YES;
				CLANG_WARN_SUSPICIOUS_MOVE = YES;
				CLANG_WARN_UNGUARDED_AVAILABILITY = YES_AGGRESSIVE;
				CLANG_WARN_UNREACHABLE_CODE = YES;
				CLANG_WARN__DUPLICATE_METHOD_MATCH = YES;
				COPY_PHASE_STRIP = NO;
				DEBUG_INFORMATION_FORMAT = dwarf;
				ENABLE_STRICT_OBJC_MSGSEND = YES;
				ENABLE_TESTABILITY = YES;
				ENABLE_USER_SCRIPT_SANDBOXING = YES;
				GCC_C_LANGUAGE_STANDARD = gnu17;
				GCC_DYNAMIC_NO_PIC = NO;
				GCC_NO_COMMON_BLOCKS = YES;
				GCC_OPTIMIZATION_LEVEL = 0;
				GCC_PREPROCESSOR_DEFINITIONS = (
					"DEBUG=1",
					"$(inherited)",
				);
				GCC_WARN_64_TO_32_BIT_CONVERSION = YES;
				GCC_WARN_ABOUT_RETURN_TYPE = YES_ERROR;
				GCC_WARN_UNDECLARED_SELECTOR = YES;
				GCC_WARN_UNINITIALIZED_AUTOS = YES_AGGRESSIVE;
				GCC_WARN_UNUSED_FUNCTION = YES;
				GCC_WARN_UNUSED_VARIABLE = YES;
				IPHONEOS_DEPLOYMENT_TARGET = 17.4;
				LOCALIZATION_PREFERS_STRING_CATALOGS = YES;
				MTL_ENABLE_DEBUG_INFO = INCLUDE_SOURCE;
				MTL_FAST_MATH = YES;
				ONLY_ACTIVE_ARCH = YES;
				SDKROOT = iphoneos;
				SWIFT_ACTIVE_COMPILATION_CONDITIONS = "DEBUG $(inherited)";
				SWIFT_OPTIMIZATION_LEVEL = "-Onone";
			};
			name = Debug;
		};
		FE5FB8652BC41A0000BE9245 /* Release */ = {
			isa = XCBuildConfiguration;
			buildSettings = {
				ALWAYS_SEARCH_USER_PATHS = NO;
				ASSETCATALOG_COMPILER_GENERATE_SWIFT_ASSET_SYMBOL_EXTENSIONS = YES;
				CLANG_ANALYZER_NONNULL = YES;
				CLANG_ANALYZER_NUMBER_OBJECT_CONVERSION = YES_AGGRESSIVE;
				CLANG_CXX_LANGUAGE_STANDARD = "gnu++20";
				CLANG_ENABLE_MODULES = YES;
				CLANG_ENABLE_OBJC_ARC = YES;
				CLANG_ENABLE_OBJC_WEAK = YES;
				CLANG_WARN_BLOCK_CAPTURE_AUTORELEASING = YES;
				CLANG_WARN_BOOL_CONVERSION = YES;
				CLANG_WARN_COMMA = YES;
				CLANG_WARN_CONSTANT_CONVERSION = YES;
				CLANG_WARN_DEPRECATED_OBJC_IMPLEMENTATIONS = YES;
				CLANG_WARN_DIRECT_OBJC_ISA_USAGE = YES_ERROR;
				CLANG_WARN_DOCUMENTATION_COMMENTS = YES;
				CLANG_WARN_EMPTY_BODY = YES;
				CLANG_WARN_ENUM_CONVERSION = YES;
				CLANG_WARN_INFINITE_RECURSION = YES;
				CLANG_WARN_INT_CONVERSION = YES;
				CLANG_WARN_NON_LITERAL_NULL_CONVERSION = YES;
				CLANG_WARN_OBJC_IMPLICIT_RETAIN_SELF = YES;
				CLANG_WARN_OBJC_LITERAL_CONVERSION = YES;
				CLANG_WARN_OBJC_ROOT_CLASS = YES_ERROR;
				CLANG_WARN_QUOTED_INCLUDE_IN_FRAMEWORK_HEADER = YES;
				CLANG_WARN_RANGE_LOOP_ANALYSIS = YES;
				CLANG_WARN_STRICT_PROTOTYPES = YES;
				CLANG_WARN_SUSPICIOUS_MOVE = YES;
				CLANG_WARN_UNGUARDED_AVAILABILITY = YES_AGGRESSIVE;
				CLANG_WARN_UNREACHABLE_CODE = YES;
				CLANG_WARN__DUPLICATE_METHOD_MATCH = YES;
				COPY_PHASE_STRIP = NO;
				DEBUG_INFORMATION_FORMAT = "dwarf-with-dsym";
				ENABLE_NS_ASSERTIONS = NO;
				ENABLE_STRICT_OBJC_MSGSEND = YES;
				ENABLE_USER_SCRIPT_SANDBOXING = YES;
				GCC_C_LANGUAGE_STANDARD = gnu17;
				GCC_NO_COMMON_BLOCKS = YES;
				GCC_WARN_64_TO_32_BIT_CONVERSION = YES;
				GCC_WARN_ABOUT_RETURN_TYPE = YES_ERROR;
				GCC_WARN_UNDECLARED_SELECTOR = YES;
				GCC_WARN_UNINITIALIZED_AUTOS = YES_AGGRESSIVE;
				GCC_WARN_UNUSED_FUNCTION = YES;
				GCC_WARN_UNUSED_VARIABLE = YES;
				IPHONEOS_DEPLOYMENT_TARGET = 17.4;
				LOCALIZATION_PREFERS_STRING_CATALOGS = YES;
				MTL_ENABLE_DEBUG_INFO = NO;
				MTL_FAST_MATH = YES;
				SDKROOT = iphoneos;
				SWIFT_COMPILATION_MODE = wholemodule;
				VALIDATE_PRODUCT = YES;
			};
			name = Release;
		};
		FE5FB8672BC41A0000BE9245 /* Debug */ = {
			isa = XCBuildConfiguration;
			buildSettings = {
				ASSETCATALOG_COMPILER_APPICON_NAME = AppIcon;
				ASSETCATALOG_COMPILER_GLOBAL_ACCENT_COLOR_NAME = AccentColor;
				CODE_SIGN_IDENTITY = "Apple Development";
				CODE_SIGN_STYLE = Automatic;
				CURRENT_PROJECT_VERSION = 1;
				DEVELOPMENT_ASSET_PATHS = "\"PopularUIs-SwiftUI/Preview Content\"";
				DEVELOPMENT_TEAM = 4Z458N49ZH;
				ENABLE_PREVIEWS = YES;
				GENERATE_INFOPLIST_FILE = YES;
				INFOPLIST_KEY_UIApplicationSceneManifest_Generation = YES;
				INFOPLIST_KEY_UIApplicationSupportsIndirectInputEvents = YES;
				INFOPLIST_KEY_UILaunchScreen_Generation = YES;
				INFOPLIST_KEY_UISupportedInterfaceOrientations_iPad = "UIInterfaceOrientationPortrait UIInterfaceOrientationPortraitUpsideDown UIInterfaceOrientationLandscapeLeft UIInterfaceOrientationLandscapeRight";
				INFOPLIST_KEY_UISupportedInterfaceOrientations_iPhone = "UIInterfaceOrientationPortrait UIInterfaceOrientationLandscapeLeft UIInterfaceOrientationLandscapeRight";
				IPHONEOS_DEPLOYMENT_TARGET = 17.4;
				LD_RUNPATH_SEARCH_PATHS = (
					"$(inherited)",
					"@executable_path/Frameworks",
				);
				MARKETING_VERSION = 1.0;
				PRODUCT_BUNDLE_IDENTIFIER = "co.pawelrudnik.PopularUIs-SwiftUI";
				PRODUCT_NAME = "$(TARGET_NAME)";
				PROVISIONING_PROFILE_SPECIFIER = "";
				SWIFT_EMIT_LOC_STRINGS = YES;
				SWIFT_VERSION = 5.0;
				TARGETED_DEVICE_FAMILY = "1,2";
			};
			name = Debug;
		};
		FE5FB8682BC41A0000BE9245 /* Release */ = {
			isa = XCBuildConfiguration;
			buildSettings = {
				ASSETCATALOG_COMPILER_APPICON_NAME = AppIcon;
				ASSETCATALOG_COMPILER_GLOBAL_ACCENT_COLOR_NAME = AccentColor;
				CODE_SIGN_IDENTITY = "Apple Development";
				CODE_SIGN_STYLE = Automatic;
				CURRENT_PROJECT_VERSION = 1;
				DEVELOPMENT_ASSET_PATHS = "\"PopularUIs-SwiftUI/Preview Content\"";
				DEVELOPMENT_TEAM = 4Z458N49ZH;
				ENABLE_PREVIEWS = YES;
				GENERATE_INFOPLIST_FILE = YES;
				INFOPLIST_KEY_UIApplicationSceneManifest_Generation = YES;
				INFOPLIST_KEY_UIApplicationSupportsIndirectInputEvents = YES;
				INFOPLIST_KEY_UILaunchScreen_Generation = YES;
				INFOPLIST_KEY_UISupportedInterfaceOrientations_iPad = "UIInterfaceOrientationPortrait UIInterfaceOrientationPortraitUpsideDown UIInterfaceOrientationLandscapeLeft UIInterfaceOrientationLandscapeRight";
				INFOPLIST_KEY_UISupportedInterfaceOrientations_iPhone = "UIInterfaceOrientationPortrait UIInterfaceOrientationLandscapeLeft UIInterfaceOrientationLandscapeRight";
				IPHONEOS_DEPLOYMENT_TARGET = 17.4;
				LD_RUNPATH_SEARCH_PATHS = (
					"$(inherited)",
					"@executable_path/Frameworks",
				);
				MARKETING_VERSION = 1.0;
				PRODUCT_BUNDLE_IDENTIFIER = "co.pawelrudnik.PopularUIs-SwiftUI";
				PRODUCT_NAME = "$(TARGET_NAME)";
				PROVISIONING_PROFILE_SPECIFIER = "";
				SWIFT_EMIT_LOC_STRINGS = YES;
				SWIFT_VERSION = 5.0;
				TARGETED_DEVICE_FAMILY = "1,2";
			};
			name = Release;
		};
/* End XCBuildConfiguration section */

/* Begin XCConfigurationList section */
		FE5FB8532BC419FF00BE9245 /* Build configuration list for PBXProject "PopularUIs-SwiftUI" */ = {
			isa = XCConfigurationList;
			buildConfigurations = (
				FE5FB8642BC41A0000BE9245 /* Debug */,
				FE5FB8652BC41A0000BE9245 /* Release */,
			);
			defaultConfigurationIsVisible = 0;
			defaultConfigurationName = Release;
		};
		FE5FB8662BC41A0000BE9245 /* Build configuration list for PBXNativeTarget "PopularUIs-SwiftUI" */ = {
			isa = XCConfigurationList;
			buildConfigurations = (
				FE5FB8672BC41A0000BE9245 /* Debug */,
				FE5FB8682BC41A0000BE9245 /* Release */,
			);
			defaultConfigurationIsVisible = 0;
			defaultConfigurationName = Release;
		};
/* End XCConfigurationList section */

/* Begin XCRemoteSwiftPackageReference section */
		FE4735052BD65B6500F5D697 /* XCRemoteSwiftPackageReference "SwiftfulUI" */ = {
			isa = XCRemoteSwiftPackageReference;
			repositoryURL = "https://github.com/SwiftfulThinking/SwiftfulUI.git";
			requirement = {
				kind = upToNextMajorVersion;
				minimumVersion = 1.2.0;
			};
		};
		FE4735082BD65B6F00F5D697 /* XCRemoteSwiftPackageReference "SwiftfulRouting" */ = {
			isa = XCRemoteSwiftPackageReference;
			repositoryURL = "https://github.com/SwiftfulThinking/SwiftfulRouting.git";
			requirement = {
				kind = upToNextMajorVersion;
				minimumVersion = 5.3.2;
			};
		};
		FE47350B2BD65B7B00F5D697 /* XCRemoteSwiftPackageReference "SDWebImageSwiftUI" */ = {
			isa = XCRemoteSwiftPackageReference;
			repositoryURL = "https://github.com/SDWebImage/SDWebImageSwiftUI.git";
			requirement = {
				kind = upToNextMajorVersion;
				minimumVersion = 3.0.2;
			};
		};
/* End XCRemoteSwiftPackageReference section */

/* Begin XCSwiftPackageProductDependency section */
		FE4735062BD65B6500F5D697 /* SwiftfulUI */ = {
			isa = XCSwiftPackageProductDependency;
			package = FE4735052BD65B6500F5D697 /* XCRemoteSwiftPackageReference "SwiftfulUI" */;
			productName = SwiftfulUI;
		};
		FE4735092BD65B6F00F5D697 /* SwiftfulRouting */ = {
			isa = XCSwiftPackageProductDependency;
			package = FE4735082BD65B6F00F5D697 /* XCRemoteSwiftPackageReference "SwiftfulRouting" */;
			productName = SwiftfulRouting;
		};
		FE47350C2BD65B7B00F5D697 /* SDWebImageSwiftUI */ = {
			isa = XCSwiftPackageProductDependency;
			package = FE47350B2BD65B7B00F5D697 /* XCRemoteSwiftPackageReference "SDWebImageSwiftUI" */;
			productName = SDWebImageSwiftUI;
		};
/* End XCSwiftPackageProductDependency section */
	};
	rootObject = FE5FB8502BC419FF00BE9245 /* Project object */;
}
